
Microsoft Visual Studio Solution File, Format Version 12.00
# Visual Studio Version 17
VisualStudioVersion = 17.9.34701.34
MinimumVisualStudioVersion = 10.0.40219.1
Project("{FAE04EC0-301F-11D3-BF4B-00C04F79EFBC}") = "M01_E01", "M01_E01\M01_E01.csproj", "{55D3726D-29C7-4B1E-B718-3D3A5AE9E907}"
EndProject
Global
	GlobalSection(SolutionConfigurationPlatforms) = preSolution
		Debug|Any CPU = Debug|Any CPU
		Release|Any CPU = Release|Any CPU
	EndGlobalSection
	GlobalSection(ProjectConfigurationPlatforms) = postSolution
		{55D3726D-29C7-4B1E-B718-3D3A5AE9E907}.Debug|Any CPU.ActiveCfg = Debug|Any CPU
		{55D3726D-29C7-4B1E-B718-3D3A5AE9E907}.Debug|Any CPU.Build.0 = Debug|Any CPU
		{55D3726D-29C7-4B1E-B718-3D3A5AE9E907}.Release|Any CPU.ActiveCfg = Release|Any CPU
		{55D3726D-29C7-4B1E-B718-3D3A5AE9E907}.Release|Any CPU.Build.0 = Release|Any CPU
	EndGlobalSection
	GlobalSection(SolutionProperties) = preSolution
		HideSolutionNode = FALSE
	EndGlobalSection
	GlobalSection(ExtensibilityGlobals) = postSolution
		SolutionGuid = {49524B3D-3833-416C-A059-7626099A4071}
	EndGlobalSection
EndGlobal
