
Microsoft Visual Studio Solution File, Format Version 12.00
# Visual Studio Version 17
VisualStudioVersion = 17.9.34701.34
MinimumVisualStudioVersion = 10.0.40219.1
Project("{FAE04EC0-301F-11D3-BF4B-00C04F79EFBC}") = "M01_E01", "M01_E01\M01_E01.csproj", "{55D3726D-29C7-4B1E-B718-3D3A5AE9E907}"
EndProject
Project("{FAE04EC0-301F-11D3-BF4B-00C04F79EFBC}") = "M01_E03", "M01_E03\M01_E03.csproj", "{7D650953-4FB1-46D9-829A-C626C8F521EE}"
EndProject
Project("{FAE04EC0-301F-11D3-BF4B-00C04F79EFBC}") = "M01_E04", "M01_E04\M01_E04.csproj", "{9D538894-2675-4659-9441-4C7F1E8E9CAB}"
EndProject
Project("{FAE04EC0-301F-11D3-BF4B-00C04F79EFBC}") = "M01_E05", "M01_E05\M01_E05.csproj", "{E24AAAA1-38B1-4649-AFCE-3D9C13446A15}"
EndProject
Project("{FAE04EC0-301F-11D3-BF4B-00C04F79EFBC}") = "M01_E06", "M01_E06\M01_E06.csproj", "{883173DC-319D-4596-8181-FAC4C5E1F38A}"
EndProject
Project("{FAE04EC0-301F-11D3-BF4B-00C04F79EFBC}") = "M01_E07", "M01_E07\M01_E07.csproj", "{DBC8028C-7BAD-4878-9BA8-C97FCEB08A8C}"
EndProject
Project("{FAE04EC0-301F-11D3-BF4B-00C04F79EFBC}") = "M01_E08", "M01_E08\M01_E08.csproj", "{8D098BE1-57F3-44A5-A504-2056AA33695A}"
EndProject
Project("{FAE04EC0-301F-11D3-BF4B-00C04F79EFBC}") = "M01_E09", "M01_E09\M01_E09.csproj", "{1F35E33B-682A-425F-AFF6-A10F5EC9B805}"
EndProject
Project("{FAE04EC0-301F-11D3-BF4B-00C04F79EFBC}") = "M01_E10", "M01_E10\M01_E10.csproj", "{7DFCC8FD-4CD4-4932-AC8B-322D9A18B536}"
EndProject
Project("{FAE04EC0-301F-11D3-BF4B-00C04F79EFBC}") = "M01_E11", "M01_E11\M01_E11.csproj", "{252A67D4-131A-4DAE-966D-A7787BBE17FB}"
EndProject
Project("{FAE04EC0-301F-11D3-BF4B-00C04F79EFBC}") = "M01_E12", "M01_E12\M01_E12.csproj", "{B3209DD2-C4ED-45F6-8D29-22DC763CFB55}"
EndProject
Global
	GlobalSection(SolutionConfigurationPlatforms) = preSolution
		Debug|Any CPU = Debug|Any CPU
		Release|Any CPU = Release|Any CPU
	EndGlobalSection
	GlobalSection(ProjectConfigurationPlatforms) = postSolution
		{55D3726D-29C7-4B1E-B718-3D3A5AE9E907}.Debug|Any CPU.ActiveCfg = Debug|Any CPU
		{55D3726D-29C7-4B1E-B718-3D3A5AE9E907}.Debug|Any CPU.Build.0 = Debug|Any CPU
		{55D3726D-29C7-4B1E-B718-3D3A5AE9E907}.Release|Any CPU.ActiveCfg = Release|Any CPU
		{55D3726D-29C7-4B1E-B718-3D3A5AE9E907}.Release|Any CPU.Build.0 = Release|Any CPU
		{7D650953-4FB1-46D9-829A-C626C8F521EE}.Debug|Any CPU.ActiveCfg = Debug|Any CPU
		{7D650953-4FB1-46D9-829A-C626C8F521EE}.Debug|Any CPU.Build.0 = Debug|Any CPU
		{7D650953-4FB1-46D9-829A-C626C8F521EE}.Release|Any CPU.ActiveCfg = Release|Any CPU
		{7D650953-4FB1-46D9-829A-C626C8F521EE}.Release|Any CPU.Build.0 = Release|Any CPU
		{9D538894-2675-4659-9441-4C7F1E8E9CAB}.Debug|Any CPU.ActiveCfg = Debug|Any CPU
		{9D538894-2675-4659-9441-4C7F1E8E9CAB}.Debug|Any CPU.Build.0 = Debug|Any CPU
		{9D538894-2675-4659-9441-4C7F1E8E9CAB}.Release|Any CPU.ActiveCfg = Release|Any CPU
		{9D538894-2675-4659-9441-4C7F1E8E9CAB}.Release|Any CPU.Build.0 = Release|Any CPU
		{E24AAAA1-38B1-4649-AFCE-3D9C13446A15}.Debug|Any CPU.ActiveCfg = Debug|Any CPU
		{E24AAAA1-38B1-4649-AFCE-3D9C13446A15}.Debug|Any CPU.Build.0 = Debug|Any CPU
		{E24AAAA1-38B1-4649-AFCE-3D9C13446A15}.Release|Any CPU.ActiveCfg = Release|Any CPU
		{E24AAAA1-38B1-4649-AFCE-3D9C13446A15}.Release|Any CPU.Build.0 = Release|Any CPU
		{883173DC-319D-4596-8181-FAC4C5E1F38A}.Debug|Any CPU.ActiveCfg = Debug|Any CPU
		{883173DC-319D-4596-8181-FAC4C5E1F38A}.Debug|Any CPU.Build.0 = Debug|Any CPU
		{883173DC-319D-4596-8181-FAC4C5E1F38A}.Release|Any CPU.ActiveCfg = Release|Any CPU
		{883173DC-319D-4596-8181-FAC4C5E1F38A}.Release|Any CPU.Build.0 = Release|Any CPU
		{DBC8028C-7BAD-4878-9BA8-C97FCEB08A8C}.Debug|Any CPU.ActiveCfg = Debug|Any CPU
		{DBC8028C-7BAD-4878-9BA8-C97FCEB08A8C}.Debug|Any CPU.Build.0 = Debug|Any CPU
		{DBC8028C-7BAD-4878-9BA8-C97FCEB08A8C}.Release|Any CPU.ActiveCfg = Release|Any CPU
		{DBC8028C-7BAD-4878-9BA8-C97FCEB08A8C}.Release|Any CPU.Build.0 = Release|Any CPU
		{8D098BE1-57F3-44A5-A504-2056AA33695A}.Debug|Any CPU.ActiveCfg = Debug|Any CPU
		{8D098BE1-57F3-44A5-A504-2056AA33695A}.Debug|Any CPU.Build.0 = Debug|Any CPU
		{8D098BE1-57F3-44A5-A504-2056AA33695A}.Release|Any CPU.ActiveCfg = Release|Any CPU
		{8D098BE1-57F3-44A5-A504-2056AA33695A}.Release|Any CPU.Build.0 = Release|Any CPU
		{1F35E33B-682A-425F-AFF6-A10F5EC9B805}.Debug|Any CPU.ActiveCfg = Debug|Any CPU
		{1F35E33B-682A-425F-AFF6-A10F5EC9B805}.Debug|Any CPU.Build.0 = Debug|Any CPU
		{1F35E33B-682A-425F-AFF6-A10F5EC9B805}.Release|Any CPU.ActiveCfg = Release|Any CPU
		{1F35E33B-682A-425F-AFF6-A10F5EC9B805}.Release|Any CPU.Build.0 = Release|Any CPU
		{7DFCC8FD-4CD4-4932-AC8B-322D9A18B536}.Debug|Any CPU.ActiveCfg = Debug|Any CPU
		{7DFCC8FD-4CD4-4932-AC8B-322D9A18B536}.Debug|Any CPU.Build.0 = Debug|Any CPU
		{7DFCC8FD-4CD4-4932-AC8B-322D9A18B536}.Release|Any CPU.ActiveCfg = Release|Any CPU
		{7DFCC8FD-4CD4-4932-AC8B-322D9A18B536}.Release|Any CPU.Build.0 = Release|Any CPU
		{252A67D4-131A-4DAE-966D-A7787BBE17FB}.Debug|Any CPU.ActiveCfg = Debug|Any CPU
		{252A67D4-131A-4DAE-966D-A7787BBE17FB}.Debug|Any CPU.Build.0 = Debug|Any CPU
		{252A67D4-131A-4DAE-966D-A7787BBE17FB}.Release|Any CPU.ActiveCfg = Release|Any CPU
		{252A67D4-131A-4DAE-966D-A7787BBE17FB}.Release|Any CPU.Build.0 = Release|Any CPU
		{B3209DD2-C4ED-45F6-8D29-22DC763CFB55}.Debug|Any CPU.ActiveCfg = Debug|Any CPU
		{B3209DD2-C4ED-45F6-8D29-22DC763CFB55}.Debug|Any CPU.Build.0 = Debug|Any CPU
		{B3209DD2-C4ED-45F6-8D29-22DC763CFB55}.Release|Any CPU.ActiveCfg = Release|Any CPU
		{B3209DD2-C4ED-45F6-8D29-22DC763CFB55}.Release|Any CPU.Build.0 = Release|Any CPU
	EndGlobalSection
	GlobalSection(SolutionProperties) = preSolution
		HideSolutionNode = FALSE
	EndGlobalSection
	GlobalSection(ExtensibilityGlobals) = postSolution
		SolutionGuid = {49524B3D-3833-416C-A059-7626099A4071}
	EndGlobalSection
EndGlobal
